
Microsoft Visual Studio Solution File, Format Version 12.00
# Visual Studio 15
VisualStudioVersion = 15.0.28010.2046
MinimumVisualStudioVersion = 10.0.40219.1
Project("{FAE04EC0-301F-11D3-BF4B-00C04F79EFBC}") = "WindowsFormsApp2", "WindowsFormsApp2\WindowsFormsApp2.csproj", "{CE7D1842-04AD-4416-8A80-AFBB0ACCE6B3}"
EndProject
Global
	GlobalSection(SolutionConfigurationPlatforms) = preSolution
		Debug|Any CPU = Debug|Any CPU
		Release|Any CPU = Release|Any CPU
	EndGlobalSection
	GlobalSection(ProjectConfigurationPlatforms) = postSolution
		{CE7D1842-04AD-4416-8A80-AFBB0ACCE6B3}.Debug|Any CPU.ActiveCfg = Debug|Any CPU
		{CE7D1842-04AD-4416-8A80-AFBB0ACCE6B3}.Debug|Any CPU.Build.0 = Debug|Any CPU
		{CE7D1842-04AD-4416-8A80-AFBB0ACCE6B3}.Release|Any CPU.ActiveCfg = Release|Any CPU
		{CE7D1842-04AD-4416-8A80-AFBB0ACCE6B3}.Release|Any CPU.Build.0 = Release|Any CPU
	EndGlobalSection
	GlobalSection(SolutionProperties) = preSolution
		HideSolutionNode = FALSE
	EndGlobalSection
	GlobalSection(ExtensibilityGlobals) = postSolution
		SolutionGuid = {440FACA4-F13E-4BA3-B730-D21531284BF8}
	EndGlobalSection
EndGlobal
